
Microsoft Visual Studio Solution File, Format Version 12.00
# Visual Studio Version 17
VisualStudioVersion = 17.2.32526.322
MinimumVisualStudioVersion = 10.0.40219.1
Project("{9A19103F-16F7-4668-BE54-9A1E7A4F7556}") = "EF13", "EF13\EF13.csproj", "{CC4119E2-62FE-42DE-B81E-8F99CCAF3124}"
EndProject
Project("{9A19103F-16F7-4668-BE54-9A1E7A4F7556}") = "EF12", "..\..\Managing-Schemas\EF12\EF12\EF12.csproj", "{BB839946-858C-4EF3-BE9F-F001208DE1FB}"
EndProject
Global
	GlobalSection(SolutionConfigurationPlatforms) = preSolution
		Debug|Any CPU = Debug|Any CPU
		Release|Any CPU = Release|Any CPU
	EndGlobalSection
	GlobalSection(ProjectConfigurationPlatforms) = postSolution
		{CC4119E2-62FE-42DE-B81E-8F99CCAF3124}.Debug|Any CPU.ActiveCfg = Debug|Any CPU
		{CC4119E2-62FE-42DE-B81E-8F99CCAF3124}.Debug|Any CPU.Build.0 = Debug|Any CPU
		{CC4119E2-62FE-42DE-B81E-8F99CCAF3124}.Release|Any CPU.ActiveCfg = Release|Any CPU
		{CC4119E2-62FE-42DE-B81E-8F99CCAF3124}.Release|Any CPU.Build.0 = Release|Any CPU
		{BB839946-858C-4EF3-BE9F-F001208DE1FB}.Debug|Any CPU.ActiveCfg = Debug|Any CPU
		{BB839946-858C-4EF3-BE9F-F001208DE1FB}.Debug|Any CPU.Build.0 = Debug|Any CPU
		{BB839946-858C-4EF3-BE9F-F001208DE1FB}.Release|Any CPU.ActiveCfg = Release|Any CPU
		{BB839946-858C-4EF3-BE9F-F001208DE1FB}.Release|Any CPU.Build.0 = Release|Any CPU
	EndGlobalSection
	GlobalSection(SolutionProperties) = preSolution
		HideSolutionNode = FALSE
	EndGlobalSection
	GlobalSection(ExtensibilityGlobals) = postSolution
		SolutionGuid = {8FDE50A4-D2CA-4EEB-A01C-6C1FB6513546}
	EndGlobalSection
EndGlobal
